
Microsoft Visual Studio Solution File, Format Version 12.00
# Visual Studio Version 17
VisualStudioVersion = 17.13.35828.75 d17.13
MinimumVisualStudioVersion = 10.0.40219.1
Project("{FAE04EC0-301F-11D3-BF4B-00C04F79EFBC}") = "CalculatorApp", "MyCalculatorApp\CalculatorApp.csproj", "{84E7BC9C-4E1E-488A-8B2C-808F0E25E215}"
EndProject
Project("{FAE04EC0-301F-11D3-BF4B-00C04F79EFBC}") = "CalculatorLib", "CalculatorLib\CalculatorLib.csproj", "{F4849043-E0B8-4DEE-9D8C-02299B5D0A84}"
EndProject
Project("{FAE04EC0-301F-11D3-BF4B-00C04F79EFBC}") = "CalculatorTests", "CalculatorTests\CalculatorTests.csproj", "{34FC5974-8F1E-4BDD-A2BD-E2D504E74BA5}"
EndProject
Global
	GlobalSection(SolutionConfigurationPlatforms) = preSolution
		Debug|Any CPU = Debug|Any CPU
		Release|Any CPU = Release|Any CPU
	EndGlobalSection
	GlobalSection(ProjectConfigurationPlatforms) = postSolution
		{84E7BC9C-4E1E-488A-8B2C-808F0E25E215}.Debug|Any CPU.ActiveCfg = Debug|Any CPU
		{84E7BC9C-4E1E-488A-8B2C-808F0E25E215}.Debug|Any CPU.Build.0 = Debug|Any CPU
		{84E7BC9C-4E1E-488A-8B2C-808F0E25E215}.Release|Any CPU.ActiveCfg = Release|Any CPU
		{84E7BC9C-4E1E-488A-8B2C-808F0E25E215}.Release|Any CPU.Build.0 = Release|Any CPU
		{F4849043-E0B8-4DEE-9D8C-02299B5D0A84}.Debug|Any CPU.ActiveCfg = Debug|Any CPU
		{F4849043-E0B8-4DEE-9D8C-02299B5D0A84}.Debug|Any CPU.Build.0 = Debug|Any CPU
		{F4849043-E0B8-4DEE-9D8C-02299B5D0A84}.Release|Any CPU.ActiveCfg = Release|Any CPU
		{F4849043-E0B8-4DEE-9D8C-02299B5D0A84}.Release|Any CPU.Build.0 = Release|Any CPU
		{34FC5974-8F1E-4BDD-A2BD-E2D504E74BA5}.Debug|Any CPU.ActiveCfg = Debug|Any CPU
		{34FC5974-8F1E-4BDD-A2BD-E2D504E74BA5}.Debug|Any CPU.Build.0 = Debug|Any CPU
		{34FC5974-8F1E-4BDD-A2BD-E2D504E74BA5}.Release|Any CPU.ActiveCfg = Release|Any CPU
		{34FC5974-8F1E-4BDD-A2BD-E2D504E74BA5}.Release|Any CPU.Build.0 = Release|Any CPU
	EndGlobalSection
	GlobalSection(SolutionProperties) = preSolution
		HideSolutionNode = FALSE
	EndGlobalSection
	GlobalSection(ExtensibilityGlobals) = postSolution
		SolutionGuid = {EF702D4F-1A53-4811-8D60-623D7DB9F8B9}
	EndGlobalSection
EndGlobal
